
Microsoft Visual Studio Solution File, Format Version 12.00
# Visual Studio 2015
Project("{FAE04EC0-301F-11D3-BF4B-00C04F79EFBC}") = "An Arcade RPG Project.CSharp", "An Arcade RPG Project.CSharp.csproj", "{F82C82A7-4279-EAAD-1B86-25190694D26E}"
EndProject
Project("{FAE04EC0-301F-11D3-BF4B-00C04F79EFBC}") = "An Arcade RPG Project.CSharp.Editor", "An Arcade RPG Project.CSharp.Editor.csproj", "{721CD887-6C58-BBAB-B625-38BAAFCD2C3F}"
EndProject
Global
	GlobalSection(SolutionConfigurationPlatforms) = preSolution
		Debug|Any CPU = Debug|Any CPU
		Release|Any CPU = Release|Any CPU
	EndGlobalSection
	GlobalSection(ProjectConfigurationPlatforms) = postSolution
		{F82C82A7-4279-EAAD-1B86-25190694D26E}.Debug|Any CPU.ActiveCfg = Debug|Any CPU
		{F82C82A7-4279-EAAD-1B86-25190694D26E}.Debug|Any CPU.Build.0 = Debug|Any CPU
		{F82C82A7-4279-EAAD-1B86-25190694D26E}.Release|Any CPU.ActiveCfg = Release|Any CPU
		{F82C82A7-4279-EAAD-1B86-25190694D26E}.Release|Any CPU.Build.0 = Release|Any CPU
		{721CD887-6C58-BBAB-B625-38BAAFCD2C3F}.Debug|Any CPU.ActiveCfg = Debug|Any CPU
		{721CD887-6C58-BBAB-B625-38BAAFCD2C3F}.Debug|Any CPU.Build.0 = Debug|Any CPU
		{721CD887-6C58-BBAB-B625-38BAAFCD2C3F}.Release|Any CPU.ActiveCfg = Release|Any CPU
		{721CD887-6C58-BBAB-B625-38BAAFCD2C3F}.Release|Any CPU.Build.0 = Release|Any CPU
	EndGlobalSection
	GlobalSection(SolutionProperties) = preSolution
		HideSolutionNode = FALSE
	EndGlobalSection
EndGlobal
